
Microsoft Visual Studio Solution File, Format Version 12.00
# Visual Studio 2012
Project("{FAE04EC0-301F-11D3-BF4B-00C04F79EFBC}") = "NpoMash.Erm.Hrm", "NpoMash.Erm.Hrm\NpoMash.Erm.Hrm.csproj", "{5F15837D-D1E5-44DC-92F0-4F2EBE9C3F8D}"
EndProject
Project("{FAE04EC0-301F-11D3-BF4B-00C04F79EFBC}") = "NpoMash.Erm.Hrm.Web", "NpoMash.Erm.Hrm.Web\NpoMash.Erm.Hrm.Web.csproj", "{0C729AAD-7626-4668-A7F1-35F7D240489D}"
EndProject
Project("{FAE04EC0-301F-11D3-BF4B-00C04F79EFBC}") = "NpoMash.Erm.Hrm.Win", "NpoMash.Erm.Hrm.Win\NpoMash.Erm.Hrm.Win.csproj", "{7964F87D-BC5D-4C4E-8B2F-71E89739AA97}"
EndProject
Project("{FAE04EC0-301F-11D3-BF4B-00C04F79EFBC}") = "IntecoAG.Erm", "..\..\IntecoAG.Erm\IntecoAG.Erm\IntecoAG.Erm.csproj", "{71DC7A2B-825E-401C-BB71-2EBE5C3DDCE0}"
EndProject
Project("{2150E333-8FDC-42A3-9474-1A3956D46DE8}") = "Common", "Common", "{8984B7E9-B475-40A8-B070-545FAE397A8F}"
EndProject
Project("{FAE04EC0-301F-11D3-BF4B-00C04F79EFBC}") = "IntecoAG.XafExt", "..\..\IntecoAG.XafExt\IntecoAG.XafExt\IntecoAG.XafExt.csproj", "{62EA4432-7BD3-4A77-8478-CA2E358D0F3B}"
EndProject
Project("{2150E333-8FDC-42A3-9474-1A3956D46DE8}") = "Tests", "Tests", "{C26A9661-5365-47F2-A87D-F64868AB10F7}"
EndProject
Project("{FAE04EC0-301F-11D3-BF4B-00C04F79EFBC}") = "NpoMash.Erm.Hrm.Tests", "NpoMash.Erm.Hrm.Tests\NpoMash.Erm.Hrm.Tests\NpoMash.Erm.Hrm.Tests.csproj", "{8D891F88-4B60-483F-B307-7696C3A96979}"
EndProject
Project("{FAE04EC0-301F-11D3-BF4B-00C04F79EFBC}") = "NpoMash.Erm.Hrm.Tests.Win", "NpoMash.Erm.Hrm.Tests\NpoMash.Erm.Hrm.Tests.Win\NpoMash.Erm.Hrm.Tests.Win.csproj", "{96936CB1-8AC7-4A73-9644-B2E23F57D8EF}"
EndProject
Project("{FAE04EC0-301F-11D3-BF4B-00C04F79EFBC}") = "NpoMash.Erm.Hrm.Tests.AppWin", "NpoMash.Erm.Hrm.Tests\NpoMash.Erm.Hrm.Tests.AppWin\NpoMash.Erm.Hrm.Tests.AppWin.csproj", "{D05D93DF-312D-4D4E-B980-726871EC7833}"
EndProject
Project("{FAE04EC0-301F-11D3-BF4B-00C04F79EFBC}") = "NpoMash.Erm.Hrm.Tests.Web", "NpoMash.Erm.Hrm.Tests\NpoMash.Erm.Hrm.Tests.Web\NpoMash.Erm.Hrm.Tests.Web.csproj", "{016F46CD-DFBB-4442-8D51-ED543819495A}"
EndProject
Project("{FAE04EC0-301F-11D3-BF4B-00C04F79EFBC}") = "NpoMash.Erm.Hrm.Tests.AppWeb", "NpoMash.Erm.Hrm.Tests\NpoMash.Erm.Hrm.Tests.AppWeb\NpoMash.Erm.Hrm.Tests.AppWeb.csproj", "{82A6DBC9-B1B4-44E4-9718-55DF930CD349}"
EndProject
Global
	GlobalSection(SolutionConfigurationPlatforms) = preSolution
		Debug|Any CPU = Debug|Any CPU
		EasyTest|Any CPU = EasyTest|Any CPU
		Release|Any CPU = Release|Any CPU
	EndGlobalSection
	GlobalSection(ProjectConfigurationPlatforms) = postSolution
		{5F15837D-D1E5-44DC-92F0-4F2EBE9C3F8D}.Debug|Any CPU.ActiveCfg = Debug|Any CPU
		{5F15837D-D1E5-44DC-92F0-4F2EBE9C3F8D}.Debug|Any CPU.Build.0 = Debug|Any CPU
		{5F15837D-D1E5-44DC-92F0-4F2EBE9C3F8D}.EasyTest|Any CPU.ActiveCfg = EasyTest|Any CPU
		{5F15837D-D1E5-44DC-92F0-4F2EBE9C3F8D}.EasyTest|Any CPU.Build.0 = EasyTest|Any CPU
		{5F15837D-D1E5-44DC-92F0-4F2EBE9C3F8D}.Release|Any CPU.ActiveCfg = Release|Any CPU
		{5F15837D-D1E5-44DC-92F0-4F2EBE9C3F8D}.Release|Any CPU.Build.0 = Release|Any CPU
		{0C729AAD-7626-4668-A7F1-35F7D240489D}.Debug|Any CPU.ActiveCfg = Debug|Any CPU
		{0C729AAD-7626-4668-A7F1-35F7D240489D}.Debug|Any CPU.Build.0 = Debug|Any CPU
		{0C729AAD-7626-4668-A7F1-35F7D240489D}.EasyTest|Any CPU.ActiveCfg = EasyTest|Any CPU
		{0C729AAD-7626-4668-A7F1-35F7D240489D}.EasyTest|Any CPU.Build.0 = EasyTest|Any CPU
		{0C729AAD-7626-4668-A7F1-35F7D240489D}.Release|Any CPU.ActiveCfg = Release|Any CPU
		{0C729AAD-7626-4668-A7F1-35F7D240489D}.Release|Any CPU.Build.0 = Release|Any CPU
		{7964F87D-BC5D-4C4E-8B2F-71E89739AA97}.Debug|Any CPU.ActiveCfg = Debug|Any CPU
		{7964F87D-BC5D-4C4E-8B2F-71E89739AA97}.Debug|Any CPU.Build.0 = Debug|Any CPU
		{7964F87D-BC5D-4C4E-8B2F-71E89739AA97}.EasyTest|Any CPU.ActiveCfg = EasyTest|Any CPU
		{7964F87D-BC5D-4C4E-8B2F-71E89739AA97}.EasyTest|Any CPU.Build.0 = EasyTest|Any CPU
		{7964F87D-BC5D-4C4E-8B2F-71E89739AA97}.Release|Any CPU.ActiveCfg = Release|Any CPU
		{7964F87D-BC5D-4C4E-8B2F-71E89739AA97}.Release|Any CPU.Build.0 = Release|Any CPU
		{71DC7A2B-825E-401C-BB71-2EBE5C3DDCE0}.Debug|Any CPU.ActiveCfg = Debug|Any CPU
		{71DC7A2B-825E-401C-BB71-2EBE5C3DDCE0}.Debug|Any CPU.Build.0 = Debug|Any CPU
		{71DC7A2B-825E-401C-BB71-2EBE5C3DDCE0}.EasyTest|Any CPU.ActiveCfg = EasyTest|Any CPU
		{71DC7A2B-825E-401C-BB71-2EBE5C3DDCE0}.EasyTest|Any CPU.Build.0 = EasyTest|Any CPU
		{71DC7A2B-825E-401C-BB71-2EBE5C3DDCE0}.Release|Any CPU.ActiveCfg = Release|Any CPU
		{71DC7A2B-825E-401C-BB71-2EBE5C3DDCE0}.Release|Any CPU.Build.0 = Release|Any CPU
		{62EA4432-7BD3-4A77-8478-CA2E358D0F3B}.Debug|Any CPU.ActiveCfg = Debug|Any CPU
		{62EA4432-7BD3-4A77-8478-CA2E358D0F3B}.Debug|Any CPU.Build.0 = Debug|Any CPU
		{62EA4432-7BD3-4A77-8478-CA2E358D0F3B}.EasyTest|Any CPU.ActiveCfg = EasyTest|Any CPU
		{62EA4432-7BD3-4A77-8478-CA2E358D0F3B}.EasyTest|Any CPU.Build.0 = EasyTest|Any CPU
		{62EA4432-7BD3-4A77-8478-CA2E358D0F3B}.Release|Any CPU.ActiveCfg = Release|Any CPU
		{62EA4432-7BD3-4A77-8478-CA2E358D0F3B}.Release|Any CPU.Build.0 = Release|Any CPU
		{8D891F88-4B60-483F-B307-7696C3A96979}.Debug|Any CPU.ActiveCfg = Debug|Any CPU
		{8D891F88-4B60-483F-B307-7696C3A96979}.Debug|Any CPU.Build.0 = Debug|Any CPU
		{8D891F88-4B60-483F-B307-7696C3A96979}.EasyTest|Any CPU.ActiveCfg = EasyTest|Any CPU
		{8D891F88-4B60-483F-B307-7696C3A96979}.EasyTest|Any CPU.Build.0 = EasyTest|Any CPU
		{8D891F88-4B60-483F-B307-7696C3A96979}.Release|Any CPU.ActiveCfg = Release|Any CPU
		{8D891F88-4B60-483F-B307-7696C3A96979}.Release|Any CPU.Build.0 = Release|Any CPU
		{96936CB1-8AC7-4A73-9644-B2E23F57D8EF}.Debug|Any CPU.ActiveCfg = Debug|Any CPU
		{96936CB1-8AC7-4A73-9644-B2E23F57D8EF}.Debug|Any CPU.Build.0 = Debug|Any CPU
		{96936CB1-8AC7-4A73-9644-B2E23F57D8EF}.EasyTest|Any CPU.ActiveCfg = EasyTest|Any CPU
		{96936CB1-8AC7-4A73-9644-B2E23F57D8EF}.EasyTest|Any CPU.Build.0 = EasyTest|Any CPU
		{96936CB1-8AC7-4A73-9644-B2E23F57D8EF}.Release|Any CPU.ActiveCfg = Release|Any CPU
		{96936CB1-8AC7-4A73-9644-B2E23F57D8EF}.Release|Any CPU.Build.0 = Release|Any CPU
		{D05D93DF-312D-4D4E-B980-726871EC7833}.Debug|Any CPU.ActiveCfg = Debug|Any CPU
		{D05D93DF-312D-4D4E-B980-726871EC7833}.Debug|Any CPU.Build.0 = Debug|Any CPU
		{D05D93DF-312D-4D4E-B980-726871EC7833}.EasyTest|Any CPU.ActiveCfg = EasyTest|Any CPU
		{D05D93DF-312D-4D4E-B980-726871EC7833}.EasyTest|Any CPU.Build.0 = EasyTest|Any CPU
		{D05D93DF-312D-4D4E-B980-726871EC7833}.Release|Any CPU.ActiveCfg = Release|Any CPU
		{D05D93DF-312D-4D4E-B980-726871EC7833}.Release|Any CPU.Build.0 = Release|Any CPU
		{016F46CD-DFBB-4442-8D51-ED543819495A}.Debug|Any CPU.ActiveCfg = Debug|Any CPU
		{016F46CD-DFBB-4442-8D51-ED543819495A}.Debug|Any CPU.Build.0 = Debug|Any CPU
		{016F46CD-DFBB-4442-8D51-ED543819495A}.EasyTest|Any CPU.ActiveCfg = EasyTest|Any CPU
		{016F46CD-DFBB-4442-8D51-ED543819495A}.EasyTest|Any CPU.Build.0 = EasyTest|Any CPU
		{016F46CD-DFBB-4442-8D51-ED543819495A}.Release|Any CPU.ActiveCfg = Release|Any CPU
		{016F46CD-DFBB-4442-8D51-ED543819495A}.Release|Any CPU.Build.0 = Release|Any CPU
		{82A6DBC9-B1B4-44E4-9718-55DF930CD349}.Debug|Any CPU.ActiveCfg = Debug|Any CPU
		{82A6DBC9-B1B4-44E4-9718-55DF930CD349}.Debug|Any CPU.Build.0 = Debug|Any CPU
		{82A6DBC9-B1B4-44E4-9718-55DF930CD349}.EasyTest|Any CPU.ActiveCfg = EasyTest|Any CPU
		{82A6DBC9-B1B4-44E4-9718-55DF930CD349}.EasyTest|Any CPU.Build.0 = EasyTest|Any CPU
		{82A6DBC9-B1B4-44E4-9718-55DF930CD349}.Release|Any CPU.ActiveCfg = Release|Any CPU
		{82A6DBC9-B1B4-44E4-9718-55DF930CD349}.Release|Any CPU.Build.0 = Release|Any CPU
	EndGlobalSection
	GlobalSection(SolutionProperties) = preSolution
		HideSolutionNode = FALSE
	EndGlobalSection
	GlobalSection(NestedProjects) = preSolution
		{71DC7A2B-825E-401C-BB71-2EBE5C3DDCE0} = {8984B7E9-B475-40A8-B070-545FAE397A8F}
		{62EA4432-7BD3-4A77-8478-CA2E358D0F3B} = {8984B7E9-B475-40A8-B070-545FAE397A8F}
		{8D891F88-4B60-483F-B307-7696C3A96979} = {C26A9661-5365-47F2-A87D-F64868AB10F7}
		{96936CB1-8AC7-4A73-9644-B2E23F57D8EF} = {C26A9661-5365-47F2-A87D-F64868AB10F7}
		{D05D93DF-312D-4D4E-B980-726871EC7833} = {C26A9661-5365-47F2-A87D-F64868AB10F7}
		{016F46CD-DFBB-4442-8D51-ED543819495A} = {C26A9661-5365-47F2-A87D-F64868AB10F7}
		{82A6DBC9-B1B4-44E4-9718-55DF930CD349} = {C26A9661-5365-47F2-A87D-F64868AB10F7}
	EndGlobalSection
EndGlobal
