
Microsoft Visual Studio Solution File, Format Version 11.00
# Visual Studio 2010
Project("{FAE04EC0-301F-11D3-BF4B-00C04F79EFBC}") = "NpoMash.Erm.Hrm", "NpoMash.Erm\NpoMash.Erm.Hrm\NpoMash.Erm.Hrm\NpoMash.Erm.Hrm.csproj", "{5F15837D-D1E5-44DC-92F0-4F2EBE9C3F8D}"
EndProject
Project("{FAE04EC0-301F-11D3-BF4B-00C04F79EFBC}") = "NpoMash.Erm.Hrm.Web", "NpoMash.Erm\NpoMash.Erm.Hrm\NpoMash.Erm.Hrm.Web\NpoMash.Erm.Hrm.Web.csproj", "{0C729AAD-7626-4668-A7F1-35F7D240489D}"
EndProject
Project("{FAE04EC0-301F-11D3-BF4B-00C04F79EFBC}") = "NpoMash.Erm.Hrm.Win", "NpoMash.Erm\NpoMash.Erm.Hrm\NpoMash.Erm.Hrm.Win\NpoMash.Erm.Hrm.Win.csproj", "{7964F87D-BC5D-4C4E-8B2F-71E89739AA97}"
EndProject
Project("{FAE04EC0-301F-11D3-BF4B-00C04F79EFBC}") = "IntecoAG.Erm", "IntecoAG.Erm\IntecoAG.Erm\IntecoAG.Erm.csproj", "{71DC7A2B-825E-401C-BB71-2EBE5C3DDCE0}"
EndProject
Project("{2150E333-8FDC-42A3-9474-1A3956D46DE8}") = "Common", "Common", "{8984B7E9-B475-40A8-B070-545FAE397A8F}"
EndProject
Project("{FAE04EC0-301F-11D3-BF4B-00C04F79EFBC}") = "IntecoAG.XafExt", "IntecoAG.XafExt\IntecoAG.XafExt\IntecoAG.XafExt.csproj", "{62EA4432-7BD3-4A77-8478-CA2E358D0F3B}"
EndProject
Project("{2150E333-8FDC-42A3-9474-1A3956D46DE8}") = "Tests", "Tests", "{C26A9661-5365-47F2-A87D-F64868AB10F7}"
EndProject
Project("{FAE04EC0-301F-11D3-BF4B-00C04F79EFBC}") = "NpoMash.Erm.Hrm.Tests", "NpoMash.Erm\NpoMash.Erm.Hrm\NpoMash.Erm.Hrm.Tests\NpoMash.Erm.Hrm.Tests\NpoMash.Erm.Hrm.Tests.csproj", "{8D891F88-4B60-483F-B307-7696C3A96979}"
EndProject
Project("{FAE04EC0-301F-11D3-BF4B-00C04F79EFBC}") = "NpoMash.Erm.Hrm.Tests.Win", "NpoMash.Erm\NpoMash.Erm.Hrm\NpoMash.Erm.Hrm.Tests\NpoMash.Erm.Hrm.Tests.Win\NpoMash.Erm.Hrm.Tests.Win.csproj", "{96936CB1-8AC7-4A73-9644-B2E23F57D8EF}"
EndProject
Project("{FAE04EC0-301F-11D3-BF4B-00C04F79EFBC}") = "NpoMash.Erm.Hrm.Tests.Web", "NpoMash.Erm\NpoMash.Erm.Hrm\NpoMash.Erm.Hrm.Tests\NpoMash.Erm.Hrm.Tests.Web\NpoMash.Erm.Hrm.Tests.Web.csproj", "{016F46CD-DFBB-4442-8D51-ED543819495A}"
EndProject
Project("{FAE04EC0-301F-11D3-BF4B-00C04F79EFBC}") = "NpoMash.Erm.Hrm.Salary", "NpoMash.Erm\NpoMash.Erm.Hrm\NpoMash.Erm.Hrm.Salary\NpoMash.Erm.Hrm.Salary\NpoMash.Erm.Hrm.Salary.csproj", "{14A9B7A5-04F8-441B-AE9C-1C1293A74C66}"
EndProject
Project("{FAE04EC0-301F-11D3-BF4B-00C04F79EFBC}") = "NpoMash.Erm.Hrm.Salary.Web", "NpoMash.Erm\NpoMash.Erm.Hrm\NpoMash.Erm.Hrm.Salary\NpoMash.Erm.Hrm.Salary.Web\NpoMash.Erm.Hrm.Salary.Web.csproj", "{1ABDF6EA-E7B9-4DC7-BFA8-5C14E9B53C93}"
EndProject
Project("{FAE04EC0-301F-11D3-BF4B-00C04F79EFBC}") = "NpoMash.Erm.Hrm.Salary.Win", "NpoMash.Erm\NpoMash.Erm.Hrm\NpoMash.Erm.Hrm.Salary\NpoMash.Erm.Hrm.Salary.Win\NpoMash.Erm.Hrm.Salary.Win.csproj", "{65AC4C87-E8AC-45E5-9C00-1EE17D81E670}"
EndProject
Project("{FAE04EC0-301F-11D3-BF4B-00C04F79EFBC}") = "NpoMash.Erm.Hrm.Salary.AppWin", "NpoMash.Erm\NpoMash.Erm.Hrm\NpoMash.Erm.Hrm.Salary\NpoMash.Erm.Hrm.Salary.AppWin\NpoMash.Erm.Hrm.Salary.AppWin.csproj", "{47C3B8D5-8E56-4A65-A6BA-5BDA819581CE}"
EndProject
Project("{2150E333-8FDC-42A3-9474-1A3956D46DE8}") = "Salary", "Salary", "{9AE5F3E4-6A79-445C-96AF-2D910C875C4A}"
EndProject
Project("{2150E333-8FDC-42A3-9474-1A3956D46DE8}") = ".nuget", ".nuget", "{4346F59A-5293-470E-93A4-B61E452A0B71}"
	ProjectSection(SolutionItems) = preProject
		.nuget\NuGet.Config = .nuget\NuGet.Config
		.nuget\NuGet.exe = .nuget\NuGet.exe
		.nuget\NuGet.targets = .nuget\NuGet.targets
	EndProjectSection
EndProject
Project("{FAE04EC0-301F-11D3-BF4B-00C04F79EFBC}") = "NpoMash.Erm.Hrm.Salary.AppWeb", "NpoMash.Erm\NpoMash.Erm.Hrm\NpoMash.Erm.Hrm.Salary\NpoMash.Erm.Hrm.Salary.AppWeb\NpoMash.Erm.Hrm.Salary.AppWeb.csproj", "{29B237DB-B88C-48D5-88E7-31FC495D5888}"
EndProject
Project("{FAE04EC0-301F-11D3-BF4B-00C04F79EFBC}") = "IntecoAG.XafExt.Win", "IntecoAG.XafExt\IntecoAG.XafExt.Win\IntecoAG.XafExt.Win.csproj", "{0FF9C51D-1B93-4361-9BE0-D43F240CC83A}"
EndProject
Global
	GlobalSection(SolutionConfigurationPlatforms) = preSolution
		Debug|Any CPU = Debug|Any CPU
		EasyTest|Any CPU = EasyTest|Any CPU
		Prod|Any CPU = Prod|Any CPU
		Release|Any CPU = Release|Any CPU
		Test|Any CPU = Test|Any CPU
	EndGlobalSection
	GlobalSection(ProjectConfigurationPlatforms) = postSolution
		{5F15837D-D1E5-44DC-92F0-4F2EBE9C3F8D}.Debug|Any CPU.ActiveCfg = Debug|Any CPU
		{5F15837D-D1E5-44DC-92F0-4F2EBE9C3F8D}.Debug|Any CPU.Build.0 = Debug|Any CPU
		{5F15837D-D1E5-44DC-92F0-4F2EBE9C3F8D}.EasyTest|Any CPU.ActiveCfg = EasyTest|Any CPU
		{5F15837D-D1E5-44DC-92F0-4F2EBE9C3F8D}.EasyTest|Any CPU.Build.0 = EasyTest|Any CPU
		{5F15837D-D1E5-44DC-92F0-4F2EBE9C3F8D}.Prod|Any CPU.ActiveCfg = Release|Any CPU
		{5F15837D-D1E5-44DC-92F0-4F2EBE9C3F8D}.Prod|Any CPU.Build.0 = Release|Any CPU
		{5F15837D-D1E5-44DC-92F0-4F2EBE9C3F8D}.Release|Any CPU.ActiveCfg = Release|Any CPU
		{5F15837D-D1E5-44DC-92F0-4F2EBE9C3F8D}.Release|Any CPU.Build.0 = Release|Any CPU
		{5F15837D-D1E5-44DC-92F0-4F2EBE9C3F8D}.Test|Any CPU.ActiveCfg = Debug|Any CPU
		{5F15837D-D1E5-44DC-92F0-4F2EBE9C3F8D}.Test|Any CPU.Build.0 = Debug|Any CPU
		{0C729AAD-7626-4668-A7F1-35F7D240489D}.Debug|Any CPU.ActiveCfg = Debug|Any CPU
		{0C729AAD-7626-4668-A7F1-35F7D240489D}.Debug|Any CPU.Build.0 = Debug|Any CPU
		{0C729AAD-7626-4668-A7F1-35F7D240489D}.EasyTest|Any CPU.ActiveCfg = EasyTest|Any CPU
		{0C729AAD-7626-4668-A7F1-35F7D240489D}.EasyTest|Any CPU.Build.0 = EasyTest|Any CPU
		{0C729AAD-7626-4668-A7F1-35F7D240489D}.Prod|Any CPU.ActiveCfg = Release|Any CPU
		{0C729AAD-7626-4668-A7F1-35F7D240489D}.Prod|Any CPU.Build.0 = Release|Any CPU
		{0C729AAD-7626-4668-A7F1-35F7D240489D}.Release|Any CPU.ActiveCfg = Release|Any CPU
		{0C729AAD-7626-4668-A7F1-35F7D240489D}.Release|Any CPU.Build.0 = Release|Any CPU
		{0C729AAD-7626-4668-A7F1-35F7D240489D}.Test|Any CPU.ActiveCfg = Debug|Any CPU
		{0C729AAD-7626-4668-A7F1-35F7D240489D}.Test|Any CPU.Build.0 = Debug|Any CPU
		{7964F87D-BC5D-4C4E-8B2F-71E89739AA97}.Debug|Any CPU.ActiveCfg = Debug|Any CPU
		{7964F87D-BC5D-4C4E-8B2F-71E89739AA97}.Debug|Any CPU.Build.0 = Debug|Any CPU
		{7964F87D-BC5D-4C4E-8B2F-71E89739AA97}.EasyTest|Any CPU.ActiveCfg = EasyTest|Any CPU
		{7964F87D-BC5D-4C4E-8B2F-71E89739AA97}.EasyTest|Any CPU.Build.0 = EasyTest|Any CPU
		{7964F87D-BC5D-4C4E-8B2F-71E89739AA97}.Prod|Any CPU.ActiveCfg = Release|Any CPU
		{7964F87D-BC5D-4C4E-8B2F-71E89739AA97}.Prod|Any CPU.Build.0 = Release|Any CPU
		{7964F87D-BC5D-4C4E-8B2F-71E89739AA97}.Release|Any CPU.ActiveCfg = Release|Any CPU
		{7964F87D-BC5D-4C4E-8B2F-71E89739AA97}.Release|Any CPU.Build.0 = Release|Any CPU
		{7964F87D-BC5D-4C4E-8B2F-71E89739AA97}.Test|Any CPU.ActiveCfg = Debug|Any CPU
		{7964F87D-BC5D-4C4E-8B2F-71E89739AA97}.Test|Any CPU.Build.0 = Debug|Any CPU
		{71DC7A2B-825E-401C-BB71-2EBE5C3DDCE0}.Debug|Any CPU.ActiveCfg = Debug|Any CPU
		{71DC7A2B-825E-401C-BB71-2EBE5C3DDCE0}.Debug|Any CPU.Build.0 = Debug|Any CPU
		{71DC7A2B-825E-401C-BB71-2EBE5C3DDCE0}.EasyTest|Any CPU.ActiveCfg = EasyTest|Any CPU
		{71DC7A2B-825E-401C-BB71-2EBE5C3DDCE0}.EasyTest|Any CPU.Build.0 = EasyTest|Any CPU
		{71DC7A2B-825E-401C-BB71-2EBE5C3DDCE0}.Prod|Any CPU.ActiveCfg = Prod|Any CPU
		{71DC7A2B-825E-401C-BB71-2EBE5C3DDCE0}.Prod|Any CPU.Build.0 = Prod|Any CPU
		{71DC7A2B-825E-401C-BB71-2EBE5C3DDCE0}.Release|Any CPU.ActiveCfg = Release|Any CPU
		{71DC7A2B-825E-401C-BB71-2EBE5C3DDCE0}.Release|Any CPU.Build.0 = Release|Any CPU
		{71DC7A2B-825E-401C-BB71-2EBE5C3DDCE0}.Test|Any CPU.ActiveCfg = Debug|Any CPU
		{71DC7A2B-825E-401C-BB71-2EBE5C3DDCE0}.Test|Any CPU.Build.0 = Debug|Any CPU
		{62EA4432-7BD3-4A77-8478-CA2E358D0F3B}.Debug|Any CPU.ActiveCfg = Debug|Any CPU
		{62EA4432-7BD3-4A77-8478-CA2E358D0F3B}.Debug|Any CPU.Build.0 = Debug|Any CPU
		{62EA4432-7BD3-4A77-8478-CA2E358D0F3B}.EasyTest|Any CPU.ActiveCfg = EasyTest|Any CPU
		{62EA4432-7BD3-4A77-8478-CA2E358D0F3B}.EasyTest|Any CPU.Build.0 = EasyTest|Any CPU
		{62EA4432-7BD3-4A77-8478-CA2E358D0F3B}.Prod|Any CPU.ActiveCfg = Release|Any CPU
		{62EA4432-7BD3-4A77-8478-CA2E358D0F3B}.Prod|Any CPU.Build.0 = Release|Any CPU
		{62EA4432-7BD3-4A77-8478-CA2E358D0F3B}.Release|Any CPU.ActiveCfg = Release|Any CPU
		{62EA4432-7BD3-4A77-8478-CA2E358D0F3B}.Release|Any CPU.Build.0 = Release|Any CPU
		{62EA4432-7BD3-4A77-8478-CA2E358D0F3B}.Test|Any CPU.ActiveCfg = Debug|Any CPU
		{62EA4432-7BD3-4A77-8478-CA2E358D0F3B}.Test|Any CPU.Build.0 = Debug|Any CPU
		{8D891F88-4B60-483F-B307-7696C3A96979}.Debug|Any CPU.ActiveCfg = Debug|Any CPU
		{8D891F88-4B60-483F-B307-7696C3A96979}.Debug|Any CPU.Build.0 = Debug|Any CPU
		{8D891F88-4B60-483F-B307-7696C3A96979}.EasyTest|Any CPU.ActiveCfg = EasyTest|Any CPU
		{8D891F88-4B60-483F-B307-7696C3A96979}.EasyTest|Any CPU.Build.0 = EasyTest|Any CPU
		{8D891F88-4B60-483F-B307-7696C3A96979}.Prod|Any CPU.ActiveCfg = Release|Any CPU
		{8D891F88-4B60-483F-B307-7696C3A96979}.Release|Any CPU.ActiveCfg = Release|Any CPU
		{8D891F88-4B60-483F-B307-7696C3A96979}.Release|Any CPU.Build.0 = Release|Any CPU
		{8D891F88-4B60-483F-B307-7696C3A96979}.Test|Any CPU.ActiveCfg = Debug|Any CPU
		{8D891F88-4B60-483F-B307-7696C3A96979}.Test|Any CPU.Build.0 = Debug|Any CPU
		{96936CB1-8AC7-4A73-9644-B2E23F57D8EF}.Debug|Any CPU.ActiveCfg = Debug|Any CPU
		{96936CB1-8AC7-4A73-9644-B2E23F57D8EF}.Debug|Any CPU.Build.0 = Debug|Any CPU
		{96936CB1-8AC7-4A73-9644-B2E23F57D8EF}.EasyTest|Any CPU.ActiveCfg = EasyTest|Any CPU
		{96936CB1-8AC7-4A73-9644-B2E23F57D8EF}.EasyTest|Any CPU.Build.0 = EasyTest|Any CPU
		{96936CB1-8AC7-4A73-9644-B2E23F57D8EF}.Prod|Any CPU.ActiveCfg = Release|Any CPU
		{96936CB1-8AC7-4A73-9644-B2E23F57D8EF}.Release|Any CPU.ActiveCfg = Release|Any CPU
		{96936CB1-8AC7-4A73-9644-B2E23F57D8EF}.Release|Any CPU.Build.0 = Release|Any CPU
		{96936CB1-8AC7-4A73-9644-B2E23F57D8EF}.Test|Any CPU.ActiveCfg = Debug|Any CPU
		{96936CB1-8AC7-4A73-9644-B2E23F57D8EF}.Test|Any CPU.Build.0 = Debug|Any CPU
		{016F46CD-DFBB-4442-8D51-ED543819495A}.Debug|Any CPU.ActiveCfg = Debug|Any CPU
		{016F46CD-DFBB-4442-8D51-ED543819495A}.Debug|Any CPU.Build.0 = Debug|Any CPU
		{016F46CD-DFBB-4442-8D51-ED543819495A}.EasyTest|Any CPU.ActiveCfg = EasyTest|Any CPU
		{016F46CD-DFBB-4442-8D51-ED543819495A}.EasyTest|Any CPU.Build.0 = EasyTest|Any CPU
		{016F46CD-DFBB-4442-8D51-ED543819495A}.Prod|Any CPU.ActiveCfg = Release|Any CPU
		{016F46CD-DFBB-4442-8D51-ED543819495A}.Release|Any CPU.ActiveCfg = Release|Any CPU
		{016F46CD-DFBB-4442-8D51-ED543819495A}.Release|Any CPU.Build.0 = Release|Any CPU
		{016F46CD-DFBB-4442-8D51-ED543819495A}.Test|Any CPU.ActiveCfg = Debug|Any CPU
		{016F46CD-DFBB-4442-8D51-ED543819495A}.Test|Any CPU.Build.0 = Debug|Any CPU
		{14A9B7A5-04F8-441B-AE9C-1C1293A74C66}.Debug|Any CPU.ActiveCfg = Debug|Any CPU
		{14A9B7A5-04F8-441B-AE9C-1C1293A74C66}.Debug|Any CPU.Build.0 = Debug|Any CPU
		{14A9B7A5-04F8-441B-AE9C-1C1293A74C66}.EasyTest|Any CPU.ActiveCfg = EasyTest|Any CPU
		{14A9B7A5-04F8-441B-AE9C-1C1293A74C66}.EasyTest|Any CPU.Build.0 = EasyTest|Any CPU
		{14A9B7A5-04F8-441B-AE9C-1C1293A74C66}.Prod|Any CPU.ActiveCfg = Release|Any CPU
		{14A9B7A5-04F8-441B-AE9C-1C1293A74C66}.Prod|Any CPU.Build.0 = Release|Any CPU
		{14A9B7A5-04F8-441B-AE9C-1C1293A74C66}.Release|Any CPU.ActiveCfg = Release|Any CPU
		{14A9B7A5-04F8-441B-AE9C-1C1293A74C66}.Release|Any CPU.Build.0 = Release|Any CPU
		{14A9B7A5-04F8-441B-AE9C-1C1293A74C66}.Test|Any CPU.ActiveCfg = Debug|Any CPU
		{14A9B7A5-04F8-441B-AE9C-1C1293A74C66}.Test|Any CPU.Build.0 = Debug|Any CPU
		{1ABDF6EA-E7B9-4DC7-BFA8-5C14E9B53C93}.Debug|Any CPU.ActiveCfg = Debug|Any CPU
		{1ABDF6EA-E7B9-4DC7-BFA8-5C14E9B53C93}.Debug|Any CPU.Build.0 = Debug|Any CPU
		{1ABDF6EA-E7B9-4DC7-BFA8-5C14E9B53C93}.EasyTest|Any CPU.ActiveCfg = EasyTest|Any CPU
		{1ABDF6EA-E7B9-4DC7-BFA8-5C14E9B53C93}.EasyTest|Any CPU.Build.0 = EasyTest|Any CPU
		{1ABDF6EA-E7B9-4DC7-BFA8-5C14E9B53C93}.Prod|Any CPU.ActiveCfg = Release|Any CPU
		{1ABDF6EA-E7B9-4DC7-BFA8-5C14E9B53C93}.Prod|Any CPU.Build.0 = Release|Any CPU
		{1ABDF6EA-E7B9-4DC7-BFA8-5C14E9B53C93}.Release|Any CPU.ActiveCfg = Release|Any CPU
		{1ABDF6EA-E7B9-4DC7-BFA8-5C14E9B53C93}.Release|Any CPU.Build.0 = Release|Any CPU
		{1ABDF6EA-E7B9-4DC7-BFA8-5C14E9B53C93}.Test|Any CPU.ActiveCfg = Debug|Any CPU
		{1ABDF6EA-E7B9-4DC7-BFA8-5C14E9B53C93}.Test|Any CPU.Build.0 = Debug|Any CPU
		{65AC4C87-E8AC-45E5-9C00-1EE17D81E670}.Debug|Any CPU.ActiveCfg = Debug|Any CPU
		{65AC4C87-E8AC-45E5-9C00-1EE17D81E670}.Debug|Any CPU.Build.0 = Debug|Any CPU
		{65AC4C87-E8AC-45E5-9C00-1EE17D81E670}.EasyTest|Any CPU.ActiveCfg = EasyTest|Any CPU
		{65AC4C87-E8AC-45E5-9C00-1EE17D81E670}.EasyTest|Any CPU.Build.0 = EasyTest|Any CPU
		{65AC4C87-E8AC-45E5-9C00-1EE17D81E670}.Prod|Any CPU.ActiveCfg = Release|Any CPU
		{65AC4C87-E8AC-45E5-9C00-1EE17D81E670}.Prod|Any CPU.Build.0 = Release|Any CPU
		{65AC4C87-E8AC-45E5-9C00-1EE17D81E670}.Release|Any CPU.ActiveCfg = Release|Any CPU
		{65AC4C87-E8AC-45E5-9C00-1EE17D81E670}.Release|Any CPU.Build.0 = Release|Any CPU
		{65AC4C87-E8AC-45E5-9C00-1EE17D81E670}.Test|Any CPU.ActiveCfg = Debug|Any CPU
		{65AC4C87-E8AC-45E5-9C00-1EE17D81E670}.Test|Any CPU.Build.0 = Debug|Any CPU
		{47C3B8D5-8E56-4A65-A6BA-5BDA819581CE}.Debug|Any CPU.ActiveCfg = Debug|Any CPU
		{47C3B8D5-8E56-4A65-A6BA-5BDA819581CE}.Debug|Any CPU.Build.0 = Debug|Any CPU
		{47C3B8D5-8E56-4A65-A6BA-5BDA819581CE}.EasyTest|Any CPU.ActiveCfg = EasyTest|Any CPU
		{47C3B8D5-8E56-4A65-A6BA-5BDA819581CE}.EasyTest|Any CPU.Build.0 = EasyTest|Any CPU
		{47C3B8D5-8E56-4A65-A6BA-5BDA819581CE}.Prod|Any CPU.ActiveCfg = Prod|Any CPU
		{47C3B8D5-8E56-4A65-A6BA-5BDA819581CE}.Prod|Any CPU.Build.0 = Prod|Any CPU
		{47C3B8D5-8E56-4A65-A6BA-5BDA819581CE}.Release|Any CPU.ActiveCfg = Release|Any CPU
		{47C3B8D5-8E56-4A65-A6BA-5BDA819581CE}.Release|Any CPU.Build.0 = Release|Any CPU
		{47C3B8D5-8E56-4A65-A6BA-5BDA819581CE}.Test|Any CPU.ActiveCfg = Test|Any CPU
		{47C3B8D5-8E56-4A65-A6BA-5BDA819581CE}.Test|Any CPU.Build.0 = Test|Any CPU
		{29B237DB-B88C-48D5-88E7-31FC495D5888}.Debug|Any CPU.ActiveCfg = Debug|Any CPU
		{29B237DB-B88C-48D5-88E7-31FC495D5888}.Debug|Any CPU.Build.0 = Debug|Any CPU
		{29B237DB-B88C-48D5-88E7-31FC495D5888}.EasyTest|Any CPU.ActiveCfg = EasyTest|Any CPU
		{29B237DB-B88C-48D5-88E7-31FC495D5888}.EasyTest|Any CPU.Build.0 = EasyTest|Any CPU
		{29B237DB-B88C-48D5-88E7-31FC495D5888}.Prod|Any CPU.ActiveCfg = Prod|Any CPU
		{29B237DB-B88C-48D5-88E7-31FC495D5888}.Prod|Any CPU.Build.0 = Prod|Any CPU
		{29B237DB-B88C-48D5-88E7-31FC495D5888}.Release|Any CPU.ActiveCfg = Release|Any CPU
		{29B237DB-B88C-48D5-88E7-31FC495D5888}.Release|Any CPU.Build.0 = Release|Any CPU
		{29B237DB-B88C-48D5-88E7-31FC495D5888}.Test|Any CPU.ActiveCfg = Test|Any CPU
		{29B237DB-B88C-48D5-88E7-31FC495D5888}.Test|Any CPU.Build.0 = Test|Any CPU
		{0FF9C51D-1B93-4361-9BE0-D43F240CC83A}.Debug|Any CPU.ActiveCfg = Debug|Any CPU
		{0FF9C51D-1B93-4361-9BE0-D43F240CC83A}.Debug|Any CPU.Build.0 = Debug|Any CPU
		{0FF9C51D-1B93-4361-9BE0-D43F240CC83A}.EasyTest|Any CPU.ActiveCfg = EasyTest|Any CPU
		{0FF9C51D-1B93-4361-9BE0-D43F240CC83A}.EasyTest|Any CPU.Build.0 = EasyTest|Any CPU
		{0FF9C51D-1B93-4361-9BE0-D43F240CC83A}.Prod|Any CPU.ActiveCfg = Release|Any CPU
		{0FF9C51D-1B93-4361-9BE0-D43F240CC83A}.Prod|Any CPU.Build.0 = Release|Any CPU
		{0FF9C51D-1B93-4361-9BE0-D43F240CC83A}.Release|Any CPU.ActiveCfg = Release|Any CPU
		{0FF9C51D-1B93-4361-9BE0-D43F240CC83A}.Release|Any CPU.Build.0 = Release|Any CPU
		{0FF9C51D-1B93-4361-9BE0-D43F240CC83A}.Test|Any CPU.ActiveCfg = Debug|Any CPU
		{0FF9C51D-1B93-4361-9BE0-D43F240CC83A}.Test|Any CPU.Build.0 = Debug|Any CPU
	EndGlobalSection
	GlobalSection(SolutionProperties) = preSolution
		HideSolutionNode = FALSE
	EndGlobalSection
	GlobalSection(NestedProjects) = preSolution
		{71DC7A2B-825E-401C-BB71-2EBE5C3DDCE0} = {8984B7E9-B475-40A8-B070-545FAE397A8F}
		{62EA4432-7BD3-4A77-8478-CA2E358D0F3B} = {8984B7E9-B475-40A8-B070-545FAE397A8F}
		{0FF9C51D-1B93-4361-9BE0-D43F240CC83A} = {8984B7E9-B475-40A8-B070-545FAE397A8F}
		{8D891F88-4B60-483F-B307-7696C3A96979} = {C26A9661-5365-47F2-A87D-F64868AB10F7}
		{96936CB1-8AC7-4A73-9644-B2E23F57D8EF} = {C26A9661-5365-47F2-A87D-F64868AB10F7}
		{016F46CD-DFBB-4442-8D51-ED543819495A} = {C26A9661-5365-47F2-A87D-F64868AB10F7}
		{1ABDF6EA-E7B9-4DC7-BFA8-5C14E9B53C93} = {9AE5F3E4-6A79-445C-96AF-2D910C875C4A}
		{65AC4C87-E8AC-45E5-9C00-1EE17D81E670} = {9AE5F3E4-6A79-445C-96AF-2D910C875C4A}
		{47C3B8D5-8E56-4A65-A6BA-5BDA819581CE} = {9AE5F3E4-6A79-445C-96AF-2D910C875C4A}
		{14A9B7A5-04F8-441B-AE9C-1C1293A74C66} = {9AE5F3E4-6A79-445C-96AF-2D910C875C4A}
		{29B237DB-B88C-48D5-88E7-31FC495D5888} = {9AE5F3E4-6A79-445C-96AF-2D910C875C4A}
	EndGlobalSection
EndGlobal
